// !$*UTF8*$!
{
	archiveVersion = 1;
	classes = {
	};
	objectVersion = 77;
	objects = {

/* Begin PBXBuildFile section */
		901EB8222E132249002DAD69 /* SnapKit in Frameworks */ = {isa = PBXBuildFile; productRef = 901EB8212E132249002DAD69 /* SnapKit */; };
		907ECEDC2E1D76DC00A1BBB9 /* AppDelegate.swift in Sources */ = {isa = PBXBuildFile; fileRef = 907ECE852E1D76DC00A1BBB9 /* AppDelegate.swift */; };
		907ECEDD2E1D76DC00A1BBB9 /* SceneDelegate.swift in Sources */ = {isa = PBXBuildFile; fileRef = 907ECE862E1D76DC00A1BBB9 /* SceneDelegate.swift */; };
		907ECEE12E1D76DC00A1BBB9 /* CategoryCell.swift in Sources */ = {isa = PBXBuildFile; fileRef = 907ECE8C2E1D76DC00A1BBB9 /* CategoryCell.swift */; };
		907ECEE62E1D76DC00A1BBB9 /* DependencyContainer.swift in Sources */ = {isa = PBXBuildFile; fileRef = 907ECE932E1D76DC00A1BBB9 /* DependencyContainer.swift */; };
		907ECEE72E1D76DC00A1BBB9 /* RootTabBarController.swift in Sources */ = {isa = PBXBuildFile; fileRef = 907ECE942E1D76DC00A1BBB9 /* RootTabBarController.swift */; };
		907ECEE82E1D76DC00A1BBB9 /* UICollectionView + dequeueCell.swift in Sources */ = {isa = PBXBuildFile; fileRef = 907ECE962E1D76DC00A1BBB9 /* UICollectionView + dequeueCell.swift */; };
		907ECEE92E1D76DC00A1BBB9 /* UITableView + dequeueCell.swift in Sources */ = {isa = PBXBuildFile; fileRef = 907ECE982E1D76DC00A1BBB9 /* UITableView + dequeueCell.swift */; };
		907ECEEA2E1D76DC00A1BBB9 /* UITableViewHeaderFooterView + dequeue.swift in Sources */ = {isa = PBXBuildFile; fileRef = 907ECE992E1D76DC00A1BBB9 /* UITableViewHeaderFooterView + dequeue.swift */; };
		907ECEEB2E1D76DC00A1BBB9 /* Button.swift in Sources */ = {isa = PBXBuildFile; fileRef = 907ECE9C2E1D76DC00A1BBB9 /* Button.swift */; };
		907ECEEC2E1D76DC00A1BBB9 /* Image .swift in Sources */ = {isa = PBXBuildFile; fileRef = 907ECE9D2E1D76DC00A1BBB9 /* Image .swift */; };
		907ECEED2E1D76DC00A1BBB9 /* Lebel.swift in Sources */ = {isa = PBXBuildFile; fileRef = 907ECE9E2E1D76DC00A1BBB9 /* Lebel.swift */; };
		907ECEEE2E1D76DC00A1BBB9 /* TableView.swift in Sources */ = {isa = PBXBuildFile; fileRef = 907ECE9F2E1D76DC00A1BBB9 /* TableView.swift */; };
		907ECEEF2E1D76DC00A1BBB9 /* CategoryResponse.swift in Sources */ = {isa = PBXBuildFile; fileRef = 907ECEA12E1D76DC00A1BBB9 /* CategoryResponse.swift */; };
		907ECEF02E1D76DC00A1BBB9 /* ProductResponse.swift in Sources */ = {isa = PBXBuildFile; fileRef = 907ECEA22E1D76DC00A1BBB9 /* ProductResponse.swift */; };
		907ECEF12E1D76DC00A1BBB9 /* CartUserDefault.swift in Sources */ = {isa = PBXBuildFile; fileRef = 907ECEA42E1D76DC00A1BBB9 /* CartUserDefault.swift */; };
		907ECEF22E1D76DC00A1BBB9 /* CategoryView.swift in Sources */ = {isa = PBXBuildFile; fileRef = 907ECEA52E1D76DC00A1BBB9 /* CategoryView.swift */; };
		907ECEF32E1D76DC00A1BBB9 /* ProductCart.swift in Sources */ = {isa = PBXBuildFile; fileRef = 907ECEA62E1D76DC00A1BBB9 /* ProductCart.swift */; };
		907ECEF52E1D76DC00A1BBB9 /* ProductView.swift in Sources */ = {isa = PBXBuildFile; fileRef = 907ECEA82E1D76DC00A1BBB9 /* ProductView.swift */; };
		907ECEF62E1D76DC00A1BBB9 /* CartAssembly.swift in Sources */ = {isa = PBXBuildFile; fileRef = 907ECEAB2E1D76DC00A1BBB9 /* CartAssembly.swift */; };
		907ECEF72E1D76DC00A1BBB9 /* CartVC.swift in Sources */ = {isa = PBXBuildFile; fileRef = 907ECEB02E1D76DC00A1BBB9 /* CartVC.swift */; };
		907ECEF82E1D76DC00A1BBB9 /* DetailBuilder.swift in Sources */ = {isa = PBXBuildFile; fileRef = 907ECEB32E1D76DC00A1BBB9 /* DetailBuilder.swift */; };
		907ECEF92E1D76DC00A1BBB9 /* DetailInteractor.swift in Sources */ = {isa = PBXBuildFile; fileRef = 907ECEB42E1D76DC00A1BBB9 /* DetailInteractor.swift */; };
		907ECEFA2E1D76DC00A1BBB9 /* DetailPresenter.swift in Sources */ = {isa = PBXBuildFile; fileRef = 907ECEB52E1D76DC00A1BBB9 /* DetailPresenter.swift */; };
		907ECEFB2E1D76DC00A1BBB9 /* DetailRouter.swift in Sources */ = {isa = PBXBuildFile; fileRef = 907ECEB62E1D76DC00A1BBB9 /* DetailRouter.swift */; };
		907ECEFC2E1D76DC00A1BBB9 /* DetailsContract.swift in Sources */ = {isa = PBXBuildFile; fileRef = 907ECEB72E1D76DC00A1BBB9 /* DetailsContract.swift */; };
		907ECEFD2E1D76DC00A1BBB9 /* DetailsVC.swift in Sources */ = {isa = PBXBuildFile; fileRef = 907ECEB82E1D76DC00A1BBB9 /* DetailsVC.swift */; };
		907ECEFE2E1D76DC00A1BBB9 /* MapAssembly.swift in Sources */ = {isa = PBXBuildFile; fileRef = 907ECEBA2E1D76DC00A1BBB9 /* MapAssembly.swift */; };
		907ECEFF2E1D76DC00A1BBB9 /* MapVC.swift in Sources */ = {isa = PBXBuildFile; fileRef = 907ECEBC2E1D76DC00A1BBB9 /* MapVC.swift */; };
		907ECF002E1D76DC00A1BBB9 /* MenuAssembly.swift in Sources */ = {isa = PBXBuildFile; fileRef = 907ECEBF2E1D76DC00A1BBB9 /* MenuAssembly.swift */; };
		907ECF012E1D76DC00A1BBB9 /* MenuInteractor.swift in Sources */ = {isa = PBXBuildFile; fileRef = 907ECEC02E1D76DC00A1BBB9 /* MenuInteractor.swift */; };
		907ECF022E1D76DC00A1BBB9 /* MenuPresenter.swift in Sources */ = {isa = PBXBuildFile; fileRef = 907ECEC12E1D76DC00A1BBB9 /* MenuPresenter.swift */; };
		907ECF032E1D76DC00A1BBB9 /* MenuRouter.swift in Sources */ = {isa = PBXBuildFile; fileRef = 907ECEC22E1D76DC00A1BBB9 /* MenuRouter.swift */; };
		907ECF042E1D76DC00A1BBB9 /* MenuVC.swift in Sources */ = {isa = PBXBuildFile; fileRef = 907ECEC32E1D76DC00A1BBB9 /* MenuVC.swift */; };
		907ECF052E1D76DC00A1BBB9 /* ProductCell.swift in Sources */ = {isa = PBXBuildFile; fileRef = 907ECEC42E1D76DC00A1BBB9 /* ProductCell.swift */; };
		907ECF062E1D76DC00A1BBB9 /* APIEndpoint.swift in Sources */ = {isa = PBXBuildFile; fileRef = 907ECEC72E1D76DC00A1BBB9 /* APIEndpoint.swift */; };
		907ECF072E1D76DC00A1BBB9 /* NetworkConstants.swift in Sources */ = {isa = PBXBuildFile; fileRef = 907ECEC82E1D76DC00A1BBB9 /* NetworkConstants.swift */; };
		907ECF082E1D76DC00A1BBB9 /* NetworkError.swift in Sources */ = {isa = PBXBuildFile; fileRef = 907ECEC92E1D76DC00A1BBB9 /* NetworkError.swift */; };
		907ECF092E1D76DC00A1BBB9 /* AppColor.swift in Sources */ = {isa = PBXBuildFile; fileRef = 907ECECD2E1D76DC00A1BBB9 /* AppColor.swift */; };
		907ECF0A2E1D76DC00A1BBB9 /* Layout.swift in Sources */ = {isa = PBXBuildFile; fileRef = 907ECECE2E1D76DC00A1BBB9 /* Layout.swift */; };
		907ECF0D2E1D76DC00A1BBB9 /* ProductsLoader.swift in Sources */ = {isa = PBXBuildFile; fileRef = 907ECED22E1D76DC00A1BBB9 /* ProductsLoader.swift */; };
		907ECF0E2E1D76DC00A1BBB9 /* CartUserDefaultsService.swift in Sources */ = {isa = PBXBuildFile; fileRef = 907ECED42E1D76DC00A1BBB9 /* CartUserDefaultsService.swift */; };
		907ECF102E1D76DC00A1BBB9 /* Assets.xcassets in Resources */ = {isa = PBXBuildFile; fileRef = 907ECED72E1D76DC00A1BBB9 /* Assets.xcassets */; };
		907ECF122E1D76DC00A1BBB9 /* LaunchScreen.storyboard in Resources */ = {isa = PBXBuildFile; fileRef = 907ECEDA2E1D76DC00A1BBB9 /* LaunchScreen.storyboard */; };
		907ECF1C2E1EFDA900A1BBB9 /* ProductMapper.swift in Sources */ = {isa = PBXBuildFile; fileRef = 907ECF1B2E1EFDA900A1BBB9 /* ProductMapper.swift */; };
		907ECF1E2E1EFF0900A1BBB9 /* MappingErrors.swift in Sources */ = {isa = PBXBuildFile; fileRef = 907ECF1D2E1EFF0900A1BBB9 /* MappingErrors.swift */; };
		907ECF202E1EFF3F00A1BBB9 /* DefaultValues.swift in Sources */ = {isa = PBXBuildFile; fileRef = 907ECF1F2E1EFF3F00A1BBB9 /* DefaultValues.swift */; };
		907ECF222E1FAB5600A1BBB9 /* MenuContract.swift in Sources */ = {isa = PBXBuildFile; fileRef = 907ECF212E1FAB5600A1BBB9 /* MenuContract.swift */; };
		907ECF432E20FED600A1BBB9 /* AdditivesCell.swift in Sources */ = {isa = PBXBuildFile; fileRef = 907ECF422E20FED600A1BBB9 /* AdditivesCell.swift */; };
		907ECF732E23DEE800A1BBB9 /* BannerCarouselView.swift in Sources */ = {isa = PBXBuildFile; fileRef = 907ECF6C2E23DEE800A1BBB9 /* BannerCarouselView.swift */; };
		907ECF742E23DEE800A1BBB9 /* DitailSegmentControl.swift in Sources */ = {isa = PBXBuildFile; fileRef = 907ECF702E23DEE800A1BBB9 /* DitailSegmentControl.swift */; };
		907ECF752E23DEE800A1BBB9 /* CategoryCarouselHeader.swift in Sources */ = {isa = PBXBuildFile; fileRef = 907ECF6B2E23DEE800A1BBB9 /* CategoryCarouselHeader.swift */; };
		907ECF762E23DEE800A1BBB9 /* BannerLabelView.swift in Sources */ = {isa = PBXBuildFile; fileRef = 907ECF6F2E23DEE800A1BBB9 /* BannerLabelView.swift */; };
		907ECF772E23DEE800A1BBB9 /* TopBarView.swift in Sources */ = {isa = PBXBuildFile; fileRef = 907ECF712E23DEE800A1BBB9 /* TopBarView.swift */; };
		907ECF782E23DEE800A1BBB9 /* AdditivesCollectionView.swift in Sources */ = {isa = PBXBuildFile; fileRef = 907ECF6A2E23DEE800A1BBB9 /* AdditivesCollectionView.swift */; };
		907ECF792E23DEE800A1BBB9 /* BannerCollectionViewCell.swift in Sources */ = {isa = PBXBuildFile; fileRef = 907ECF6D2E23DEE800A1BBB9 /* BannerCollectionViewCell.swift */; };
		909311682E266990008E1B41 /* IProductDisplayable.swift in Sources */ = {isa = PBXBuildFile; fileRef = 909311672E266990008E1B41 /* IProductDisplayable.swift */; };
		909F87F02E2A1CB8003A189A /* Map.swift in Sources */ = {isa = PBXBuildFile; fileRef = 909F87EF2E2A1CB8003A189A /* Map.swift */; };
		909F87F22E2A1CBE003A189A /* StoreService.swift in Sources */ = {isa = PBXBuildFile; fileRef = 909F87F12E2A1CBE003A189A /* StoreService.swift */; };
		909F87822E279A4B003A189A /* CartTableView.swift in Sources */ = {isa = PBXBuildFile; fileRef = 909F87812E279A4B003A189A /* CartTableView.swift */; };
		909F87842E279D74003A189A /* ProductCartViewModel.swift in Sources */ = {isa = PBXBuildFile; fileRef = 909F87832E279D74003A189A /* ProductCartViewModel.swift */; };
		909F87862E27A26B003A189A /* CartTableViewCell.swift in Sources */ = {isa = PBXBuildFile; fileRef = 909F87852E27A26B003A189A /* CartTableViewCell.swift */; };
		909F87A62E27F935003A189A /* QuantityControll.swift in Sources */ = {isa = PBXBuildFile; fileRef = 909F87A52E27F935003A189A /* QuantityControll.swift */; };
		909F87F02E2A1CB8003A189A /* Map.swift in Sources */ = {isa = PBXBuildFile; fileRef = 909F87EF2E2A1CB8003A189A /* Map.swift */; };
		909F87F22E2A1CBE003A189A /* StoreService.swift in Sources */ = {isa = PBXBuildFile; fileRef = 909F87F12E2A1CBE003A189A /* StoreService.swift */; };
/* End PBXBuildFile section */

/* Begin PBXFileReference section */
		901EB79F2E132162002DAD69 /* Dodo Pizza.app */ = {isa = PBXFileReference; explicitFileType = wrapper.application; includeInIndex = 0; path = "Dodo Pizza.app"; sourceTree = BUILT_PRODUCTS_DIR; };
		907ECE852E1D76DC00A1BBB9 /* AppDelegate.swift */ = {isa = PBXFileReference; lastKnownFileType = sourcecode.swift; path = AppDelegate.swift; sourceTree = "<group>"; };
		907ECE862E1D76DC00A1BBB9 /* SceneDelegate.swift */ = {isa = PBXFileReference; lastKnownFileType = sourcecode.swift; path = SceneDelegate.swift; sourceTree = "<group>"; };
		907ECE8C2E1D76DC00A1BBB9 /* CategoryCell.swift */ = {isa = PBXFileReference; lastKnownFileType = sourcecode.swift; path = CategoryCell.swift; sourceTree = "<group>"; };
		907ECE932E1D76DC00A1BBB9 /* DependencyContainer.swift */ = {isa = PBXFileReference; lastKnownFileType = sourcecode.swift; path = DependencyContainer.swift; sourceTree = "<group>"; };
		907ECE942E1D76DC00A1BBB9 /* RootTabBarController.swift */ = {isa = PBXFileReference; lastKnownFileType = sourcecode.swift; path = RootTabBarController.swift; sourceTree = "<group>"; };
		907ECE962E1D76DC00A1BBB9 /* UICollectionView + dequeueCell.swift */ = {isa = PBXFileReference; lastKnownFileType = sourcecode.swift; path = "UICollectionView + dequeueCell.swift"; sourceTree = "<group>"; };
		907ECE982E1D76DC00A1BBB9 /* UITableView + dequeueCell.swift */ = {isa = PBXFileReference; lastKnownFileType = sourcecode.swift; path = "UITableView + dequeueCell.swift"; sourceTree = "<group>"; };
		907ECE992E1D76DC00A1BBB9 /* UITableViewHeaderFooterView + dequeue.swift */ = {isa = PBXFileReference; lastKnownFileType = sourcecode.swift; path = "UITableViewHeaderFooterView + dequeue.swift"; sourceTree = "<group>"; };
		907ECE9C2E1D76DC00A1BBB9 /* Button.swift */ = {isa = PBXFileReference; lastKnownFileType = sourcecode.swift; path = Button.swift; sourceTree = "<group>"; };
		907ECE9D2E1D76DC00A1BBB9 /* Image .swift */ = {isa = PBXFileReference; lastKnownFileType = sourcecode.swift; path = "Image .swift"; sourceTree = "<group>"; };
		907ECE9E2E1D76DC00A1BBB9 /* Lebel.swift */ = {isa = PBXFileReference; lastKnownFileType = sourcecode.swift; path = Lebel.swift; sourceTree = "<group>"; };
		907ECE9F2E1D76DC00A1BBB9 /* TableView.swift */ = {isa = PBXFileReference; lastKnownFileType = sourcecode.swift; path = TableView.swift; sourceTree = "<group>"; };
		907ECEA12E1D76DC00A1BBB9 /* CategoryResponse.swift */ = {isa = PBXFileReference; lastKnownFileType = sourcecode.swift; path = CategoryResponse.swift; sourceTree = "<group>"; };
		907ECEA22E1D76DC00A1BBB9 /* ProductResponse.swift */ = {isa = PBXFileReference; lastKnownFileType = sourcecode.swift; path = ProductResponse.swift; sourceTree = "<group>"; };
		907ECEA42E1D76DC00A1BBB9 /* CartUserDefault.swift */ = {isa = PBXFileReference; lastKnownFileType = sourcecode.swift; path = CartUserDefault.swift; sourceTree = "<group>"; };
		907ECEA52E1D76DC00A1BBB9 /* CategoryView.swift */ = {isa = PBXFileReference; lastKnownFileType = sourcecode.swift; path = CategoryView.swift; sourceTree = "<group>"; };
		907ECEA62E1D76DC00A1BBB9 /* ProductCart.swift */ = {isa = PBXFileReference; lastKnownFileType = sourcecode.swift; path = ProductCart.swift; sourceTree = "<group>"; };
		907ECEA82E1D76DC00A1BBB9 /* ProductView.swift */ = {isa = PBXFileReference; lastKnownFileType = sourcecode.swift; path = ProductView.swift; sourceTree = "<group>"; };
		907ECEAB2E1D76DC00A1BBB9 /* CartAssembly.swift */ = {isa = PBXFileReference; lastKnownFileType = sourcecode.swift; path = CartAssembly.swift; sourceTree = "<group>"; };
		907ECEB02E1D76DC00A1BBB9 /* CartVC.swift */ = {isa = PBXFileReference; lastKnownFileType = sourcecode.swift; path = CartVC.swift; sourceTree = "<group>"; };
		907ECEB32E1D76DC00A1BBB9 /* DetailBuilder.swift */ = {isa = PBXFileReference; lastKnownFileType = sourcecode.swift; path = DetailBuilder.swift; sourceTree = "<group>"; };
		907ECEB42E1D76DC00A1BBB9 /* DetailInteractor.swift */ = {isa = PBXFileReference; lastKnownFileType = sourcecode.swift; path = DetailInteractor.swift; sourceTree = "<group>"; };
		907ECEB52E1D76DC00A1BBB9 /* DetailPresenter.swift */ = {isa = PBXFileReference; lastKnownFileType = sourcecode.swift; path = DetailPresenter.swift; sourceTree = "<group>"; };
		907ECEB62E1D76DC00A1BBB9 /* DetailRouter.swift */ = {isa = PBXFileReference; lastKnownFileType = sourcecode.swift; path = DetailRouter.swift; sourceTree = "<group>"; };
		907ECEB72E1D76DC00A1BBB9 /* DetailsContract.swift */ = {isa = PBXFileReference; lastKnownFileType = sourcecode.swift; path = DetailsContract.swift; sourceTree = "<group>"; };
		907ECEB82E1D76DC00A1BBB9 /* DetailsVC.swift */ = {isa = PBXFileReference; lastKnownFileType = sourcecode.swift; path = DetailsVC.swift; sourceTree = "<group>"; };
		907ECEBA2E1D76DC00A1BBB9 /* MapAssembly.swift */ = {isa = PBXFileReference; lastKnownFileType = sourcecode.swift; path = MapAssembly.swift; sourceTree = "<group>"; };
		907ECEBC2E1D76DC00A1BBB9 /* MapVC.swift */ = {isa = PBXFileReference; lastKnownFileType = sourcecode.swift; path = MapVC.swift; sourceTree = "<group>"; };
		907ECEBF2E1D76DC00A1BBB9 /* MenuAssembly.swift */ = {isa = PBXFileReference; lastKnownFileType = sourcecode.swift; path = MenuAssembly.swift; sourceTree = "<group>"; };
		907ECEC02E1D76DC00A1BBB9 /* MenuInteractor.swift */ = {isa = PBXFileReference; lastKnownFileType = sourcecode.swift; path = MenuInteractor.swift; sourceTree = "<group>"; };
		907ECEC12E1D76DC00A1BBB9 /* MenuPresenter.swift */ = {isa = PBXFileReference; lastKnownFileType = sourcecode.swift; path = MenuPresenter.swift; sourceTree = "<group>"; };
		907ECEC22E1D76DC00A1BBB9 /* MenuRouter.swift */ = {isa = PBXFileReference; lastKnownFileType = sourcecode.swift; path = MenuRouter.swift; sourceTree = "<group>"; };
		907ECEC32E1D76DC00A1BBB9 /* MenuVC.swift */ = {isa = PBXFileReference; lastKnownFileType = sourcecode.swift; path = MenuVC.swift; sourceTree = "<group>"; };
		907ECEC42E1D76DC00A1BBB9 /* ProductCell.swift */ = {isa = PBXFileReference; lastKnownFileType = sourcecode.swift; path = ProductCell.swift; sourceTree = "<group>"; };
		907ECEC72E1D76DC00A1BBB9 /* APIEndpoint.swift */ = {isa = PBXFileReference; lastKnownFileType = sourcecode.swift; path = APIEndpoint.swift; sourceTree = "<group>"; };
		907ECEC82E1D76DC00A1BBB9 /* NetworkConstants.swift */ = {isa = PBXFileReference; lastKnownFileType = sourcecode.swift; path = NetworkConstants.swift; sourceTree = "<group>"; };
		907ECEC92E1D76DC00A1BBB9 /* NetworkError.swift */ = {isa = PBXFileReference; lastKnownFileType = sourcecode.swift; path = NetworkError.swift; sourceTree = "<group>"; };
		907ECECD2E1D76DC00A1BBB9 /* AppColor.swift */ = {isa = PBXFileReference; lastKnownFileType = sourcecode.swift; path = AppColor.swift; sourceTree = "<group>"; };
		907ECECE2E1D76DC00A1BBB9 /* Layout.swift */ = {isa = PBXFileReference; lastKnownFileType = sourcecode.swift; path = Layout.swift; sourceTree = "<group>"; };
		907ECED22E1D76DC00A1BBB9 /* ProductsLoader.swift */ = {isa = PBXFileReference; lastKnownFileType = sourcecode.swift; path = ProductsLoader.swift; sourceTree = "<group>"; };
		907ECED42E1D76DC00A1BBB9 /* CartUserDefaultsService.swift */ = {isa = PBXFileReference; lastKnownFileType = sourcecode.swift; path = CartUserDefaultsService.swift; sourceTree = "<group>"; };
		907ECED72E1D76DC00A1BBB9 /* Assets.xcassets */ = {isa = PBXFileReference; lastKnownFileType = folder.assetcatalog; path = Assets.xcassets; sourceTree = "<group>"; };
		907ECED82E1D76DC00A1BBB9 /* Info.plist */ = {isa = PBXFileReference; lastKnownFileType = text.plist.xml; path = Info.plist; sourceTree = "<group>"; };
		907ECED92E1D76DC00A1BBB9 /* Base */ = {isa = PBXFileReference; lastKnownFileType = file.storyboard; name = Base; path = Base.lproj/LaunchScreen.storyboard; sourceTree = "<group>"; };
		907ECF1B2E1EFDA900A1BBB9 /* ProductMapper.swift */ = {isa = PBXFileReference; lastKnownFileType = sourcecode.swift; path = ProductMapper.swift; sourceTree = "<group>"; };
		907ECF1D2E1EFF0900A1BBB9 /* MappingErrors.swift */ = {isa = PBXFileReference; lastKnownFileType = sourcecode.swift; path = MappingErrors.swift; sourceTree = "<group>"; };
		907ECF1F2E1EFF3F00A1BBB9 /* DefaultValues.swift */ = {isa = PBXFileReference; lastKnownFileType = sourcecode.swift; path = DefaultValues.swift; sourceTree = "<group>"; };
		907ECF212E1FAB5600A1BBB9 /* MenuContract.swift */ = {isa = PBXFileReference; lastKnownFileType = sourcecode.swift; path = MenuContract.swift; sourceTree = "<group>"; };
		907ECF422E20FED600A1BBB9 /* AdditivesCell.swift */ = {isa = PBXFileReference; lastKnownFileType = sourcecode.swift; path = AdditivesCell.swift; sourceTree = "<group>"; };
		907ECF6A2E23DEE800A1BBB9 /* AdditivesCollectionView.swift */ = {isa = PBXFileReference; lastKnownFileType = sourcecode.swift; path = AdditivesCollectionView.swift; sourceTree = "<group>"; };
		907ECF6B2E23DEE800A1BBB9 /* CategoryCarouselHeader.swift */ = {isa = PBXFileReference; lastKnownFileType = sourcecode.swift; path = CategoryCarouselHeader.swift; sourceTree = "<group>"; };
		907ECF6C2E23DEE800A1BBB9 /* BannerCarouselView.swift */ = {isa = PBXFileReference; lastKnownFileType = sourcecode.swift; path = BannerCarouselView.swift; sourceTree = "<group>"; };
		907ECF6D2E23DEE800A1BBB9 /* BannerCollectionViewCell.swift */ = {isa = PBXFileReference; lastKnownFileType = sourcecode.swift; path = BannerCollectionViewCell.swift; sourceTree = "<group>"; };
		907ECF6F2E23DEE800A1BBB9 /* BannerLabelView.swift */ = {isa = PBXFileReference; lastKnownFileType = sourcecode.swift; path = BannerLabelView.swift; sourceTree = "<group>"; };
		907ECF702E23DEE800A1BBB9 /* DitailSegmentControl.swift */ = {isa = PBXFileReference; lastKnownFileType = sourcecode.swift; path = DitailSegmentControl.swift; sourceTree = "<group>"; };
		907ECF712E23DEE800A1BBB9 /* TopBarView.swift */ = {isa = PBXFileReference; lastKnownFileType = sourcecode.swift; path = TopBarView.swift; sourceTree = "<group>"; };
		909311672E266990008E1B41 /* IProductDisplayable.swift */ = {isa = PBXFileReference; lastKnownFileType = sourcecode.swift; path = IProductDisplayable.swift; sourceTree = "<group>"; };
		909F87EF2E2A1CB8003A189A /* Map.swift */ = {isa = PBXFileReference; lastKnownFileType = sourcecode.swift; path = Map.swift; sourceTree = "<group>"; };
		909F87F12E2A1CBE003A189A /* StoreService.swift */ = {isa = PBXFileReference; lastKnownFileType = sourcecode.swift; path = StoreService.swift; sourceTree = "<group>"; };
		909F87812E279A4B003A189A /* CartTableView.swift */ = {isa = PBXFileReference; lastKnownFileType = sourcecode.swift; path = CartTableView.swift; sourceTree = "<group>"; };
		909F87832E279D74003A189A /* ProductCartViewModel.swift */ = {isa = PBXFileReference; lastKnownFileType = sourcecode.swift; path = ProductCartViewModel.swift; sourceTree = "<group>"; };
		909F87852E27A26B003A189A /* CartTableViewCell.swift */ = {isa = PBXFileReference; lastKnownFileType = sourcecode.swift; path = CartTableViewCell.swift; sourceTree = "<group>"; };
		909F87A52E27F935003A189A /* QuantityControll.swift */ = {isa = PBXFileReference; lastKnownFileType = sourcecode.swift; path = QuantityControll.swift; sourceTree = "<group>"; };
		909F87EF2E2A1CB8003A189A /* Map.swift */ = {isa = PBXFileReference; lastKnownFileType = sourcecode.swift; path = Map.swift; sourceTree = "<group>"; };
		909F87F12E2A1CBE003A189A /* StoreService.swift */ = {isa = PBXFileReference; lastKnownFileType = sourcecode.swift; path = StoreService.swift; sourceTree = "<group>"; };
/* End PBXFileReference section */

/* Begin PBXFrameworksBuildPhase section */
		901EB79C2E132162002DAD69 /* Frameworks */ = {
			isa = PBXFrameworksBuildPhase;
			buildActionMask = 2147483647;
			files = (
				901EB8222E132249002DAD69 /* SnapKit in Frameworks */,
			);
			runOnlyForDeploymentPostprocessing = 0;
		};
/* End PBXFrameworksBuildPhase section */

/* Begin PBXGroup section */
		901EB7962E132162002DAD69 = {
			isa = PBXGroup;
			children = (
				907ECEDB2E1D76DC00A1BBB9 /* Dodo Pizza */,
				901EB7A02E132162002DAD69 /* Products */,
			);
			sourceTree = "<group>";
		};
		901EB7A02E132162002DAD69 /* Products */ = {
			isa = PBXGroup;
			children = (
				901EB79F2E132162002DAD69 /* Dodo Pizza.app */,
			);
			name = Products;
			sourceTree = "<group>";
		};
		907ECE872E1D76DC00A1BBB9 /* App */ = {
			isa = PBXGroup;
			children = (
				907ECE852E1D76DC00A1BBB9 /* AppDelegate.swift */,
				907ECE862E1D76DC00A1BBB9 /* SceneDelegate.swift */,
			);
			path = App;
			sourceTree = "<group>";
		};
		907ECE952E1D76DC00A1BBB9 /* DI */ = {
			isa = PBXGroup;
			children = (
				907ECE932E1D76DC00A1BBB9 /* DependencyContainer.swift */,
				907ECE942E1D76DC00A1BBB9 /* RootTabBarController.swift */,
			);
			path = DI;
			sourceTree = "<group>";
		};
		907ECE972E1D76DC00A1BBB9 /* UICollectionView */ = {
			isa = PBXGroup;
			children = (
				907ECE962E1D76DC00A1BBB9 /* UICollectionView + dequeueCell.swift */,
			);
			path = UICollectionView;
			sourceTree = "<group>";
		};
		907ECE9A2E1D76DC00A1BBB9 /* UITableView */ = {
			isa = PBXGroup;
			children = (
				907ECE982E1D76DC00A1BBB9 /* UITableView + dequeueCell.swift */,
				907ECE992E1D76DC00A1BBB9 /* UITableViewHeaderFooterView + dequeue.swift */,
			);
			path = UITableView;
			sourceTree = "<group>";
		};
		907ECE9B2E1D76DC00A1BBB9 /* Extensions */ = {
			isa = PBXGroup;
			children = (
				907ECE972E1D76DC00A1BBB9 /* UICollectionView */,
				907ECE9A2E1D76DC00A1BBB9 /* UITableView */,
			);
			path = Extensions;
			sourceTree = "<group>";
		};
		907ECEA02E1D76DC00A1BBB9 /* Fabrics */ = {
			isa = PBXGroup;
			children = (
				907ECE9C2E1D76DC00A1BBB9 /* Button.swift */,
				907ECE9D2E1D76DC00A1BBB9 /* Image .swift */,
				907ECE9E2E1D76DC00A1BBB9 /* Lebel.swift */,
			);
			path = Fabrics;
			sourceTree = "<group>";
		};
		907ECEA32E1D76DC00A1BBB9 /* ResponseModel */ = {
			isa = PBXGroup;
			children = (
				907ECEA12E1D76DC00A1BBB9 /* CategoryResponse.swift */,
				907ECEA22E1D76DC00A1BBB9 /* ProductResponse.swift */,
			);
			path = ResponseModel;
			sourceTree = "<group>";
		};
		907ECEA92E1D76DC00A1BBB9 /* ViewModel */ = {
			isa = PBXGroup;
			children = (
				909311662E26694E008E1B41 /* Models Protocols */,
				907ECEA42E1D76DC00A1BBB9 /* CartUserDefault.swift */,
				907ECEA52E1D76DC00A1BBB9 /* CategoryView.swift */,
				907ECEA62E1D76DC00A1BBB9 /* ProductCart.swift */,
				907ECEA82E1D76DC00A1BBB9 /* ProductView.swift */,
			);
			path = ViewModel;
			sourceTree = "<group>";
		};
		907ECEAA2E1D76DC00A1BBB9 /* Models */ = {
			isa = PBXGroup;
			children = (
				907ECF1A2E1EFD6A00A1BBB9 /* Mappers */,
				907ECEA32E1D76DC00A1BBB9 /* ResponseModel */,
				907ECEA92E1D76DC00A1BBB9 /* ViewModel */,
			);
			path = Models;
			sourceTree = "<group>";
		};
		907ECEB22E1D76DC00A1BBB9 /* Cart */ = {
			isa = PBXGroup;
			children = (
				907ECEB02E1D76DC00A1BBB9 /* CartVC.swift */,
				907ECEAB2E1D76DC00A1BBB9 /* CartAssembly.swift */,
				909F87832E279D74003A189A /* ProductCartViewModel.swift */,
			);
			path = Cart;
			sourceTree = "<group>";
		};
		907ECEB92E1D76DC00A1BBB9 /* Details */ = {
			isa = PBXGroup;
			children = (
				907ECEB32E1D76DC00A1BBB9 /* DetailBuilder.swift */,
				907ECEB72E1D76DC00A1BBB9 /* DetailsContract.swift */,
				907ECEB52E1D76DC00A1BBB9 /* DetailPresenter.swift */,
				907ECEB42E1D76DC00A1BBB9 /* DetailInteractor.swift */,
				907ECEB62E1D76DC00A1BBB9 /* DetailRouter.swift */,
				907ECEB82E1D76DC00A1BBB9 /* DetailsVC.swift */,
			);
			path = Details;
			sourceTree = "<group>";
		};
		907ECEBE2E1D76DC00A1BBB9 /* Map */ = {
			isa = PBXGroup;
			children = (
				909F87F12E2A1CBE003A189A /* StoreService.swift */,
				909F87EF2E2A1CB8003A189A /* Map.swift */,
				907ECEBA2E1D76DC00A1BBB9 /* MapAssembly.swift */,
				907ECEBC2E1D76DC00A1BBB9 /* MapVC.swift */,
			);
			path = Map;
			sourceTree = "<group>";
		};
		907ECEC52E1D76DC00A1BBB9 /* Menu */ = {
			isa = PBXGroup;
			children = (
				907ECEBF2E1D76DC00A1BBB9 /* MenuAssembly.swift */,
				907ECEC12E1D76DC00A1BBB9 /* MenuPresenter.swift */,
				907ECEC02E1D76DC00A1BBB9 /* MenuInteractor.swift */,
				907ECEC22E1D76DC00A1BBB9 /* MenuRouter.swift */,
				907ECF212E1FAB5600A1BBB9 /* MenuContract.swift */,
				907ECEC32E1D76DC00A1BBB9 /* MenuVC.swift */,
			);
			path = Menu;
			sourceTree = "<group>";
		};
		907ECEC62E1D76DC00A1BBB9 /* Modules */ = {
			isa = PBXGroup;
			children = (
				907ECEB22E1D76DC00A1BBB9 /* Cart */,
				907ECEB92E1D76DC00A1BBB9 /* Details */,
				907ECEBE2E1D76DC00A1BBB9 /* Map */,
				907ECEC52E1D76DC00A1BBB9 /* Menu */,
			);
			path = Modules;
			sourceTree = "<group>";
		};
		907ECECA2E1D76DC00A1BBB9 /* Network */ = {
			isa = PBXGroup;
			children = (
				907ECEC72E1D76DC00A1BBB9 /* APIEndpoint.swift */,
				907ECEC82E1D76DC00A1BBB9 /* NetworkConstants.swift */,
				907ECEC92E1D76DC00A1BBB9 /* NetworkError.swift */,
			);
			path = Network;
			sourceTree = "<group>";
		};
		907ECECF2E1D76DC00A1BBB9 /* Resources */ = {
			isa = PBXGroup;
			children = (
				907ECECD2E1D76DC00A1BBB9 /* AppColor.swift */,
				907ECECE2E1D76DC00A1BBB9 /* Layout.swift */,
			);
			path = Resources;
			sourceTree = "<group>";
		};
		907ECED32E1D76DC00A1BBB9 /* Loaders */ = {
			isa = PBXGroup;
			children = (
				907ECED22E1D76DC00A1BBB9 /* ProductsLoader.swift */,
			);
			path = Loaders;
			sourceTree = "<group>";
		};
		907ECED62E1D76DC00A1BBB9 /* Services */ = {
			isa = PBXGroup;
			children = (
				907ECED32E1D76DC00A1BBB9 /* Loaders */,
				907ECED42E1D76DC00A1BBB9 /* CartUserDefaultsService.swift */,
			);
			path = Services;
			sourceTree = "<group>";
		};
		907ECEDB2E1D76DC00A1BBB9 /* Dodo Pizza */ = {
			isa = PBXGroup;
			children = (
				907ECED72E1D76DC00A1BBB9 /* Assets.xcassets */,
				907ECEDA2E1D76DC00A1BBB9 /* LaunchScreen.storyboard */,
				907ECED82E1D76DC00A1BBB9 /* Info.plist */,
				907ECF7A2E23DF0B00A1BBB9 /* Components */,
				907ECE872E1D76DC00A1BBB9 /* App */,
				907ECE952E1D76DC00A1BBB9 /* DI */,
				907ECE9B2E1D76DC00A1BBB9 /* Extensions */,
				907ECEA02E1D76DC00A1BBB9 /* Fabrics */,
				907ECEAA2E1D76DC00A1BBB9 /* Models */,
				907ECEC62E1D76DC00A1BBB9 /* Modules */,
				907ECECA2E1D76DC00A1BBB9 /* Network */,
				907ECECF2E1D76DC00A1BBB9 /* Resources */,
				907ECED62E1D76DC00A1BBB9 /* Services */,
			);
			path = "Dodo Pizza";
			sourceTree = "<group>";
		};
		907ECF1A2E1EFD6A00A1BBB9 /* Mappers */ = {
			isa = PBXGroup;
			children = (
				907ECF1B2E1EFDA900A1BBB9 /* ProductMapper.swift */,
				907ECF1D2E1EFF0900A1BBB9 /* MappingErrors.swift */,
				907ECF1F2E1EFF3F00A1BBB9 /* DefaultValues.swift */,
			);
			path = Mappers;
			sourceTree = "<group>";
		};
		907ECF7A2E23DF0B00A1BBB9 /* Components */ = {
			isa = PBXGroup;
			children = (
				909F87A52E27F935003A189A /* QuantityControll.swift */,
				907ECF702E23DEE800A1BBB9 /* DitailSegmentControl.swift */,
				907ECF6F2E23DEE800A1BBB9 /* BannerLabelView.swift */,
				907ECF712E23DEE800A1BBB9 /* TopBarView.swift */,
				907ECF7C2E23DF3900A1BBB9 /* Table Views */,
				907ECF7B2E23DF2400A1BBB9 /* Collection Views */,
			);
			path = Components;
			sourceTree = "<group>";
		};
		907ECF7B2E23DF2400A1BBB9 /* Collection Views */ = {
			isa = PBXGroup;
			children = (
				907ECF7E2E23DFB400A1BBB9 /* BannerCarouselView */,
				907ECF7F2E23E00600A1BBB9 /* CategoryCarouselHeader */,
				907ECF7D2E23DF4E00A1BBB9 /* AdditivesCollectionView */,
			);
			path = "Collection Views";
			sourceTree = "<group>";
		};
		907ECF7C2E23DF3900A1BBB9 /* Table Views */ = {
			isa = PBXGroup;
			children = (
				909F87802E279A2C003A189A /* CartTableView */,
				907ECE9F2E1D76DC00A1BBB9 /* TableView.swift */,
				907ECEC42E1D76DC00A1BBB9 /* ProductCell.swift */,
			);
			path = "Table Views";
			sourceTree = "<group>";
		};
		907ECF7D2E23DF4E00A1BBB9 /* AdditivesCollectionView */ = {
			isa = PBXGroup;
			children = (
				907ECF6A2E23DEE800A1BBB9 /* AdditivesCollectionView.swift */,
				907ECF422E20FED600A1BBB9 /* AdditivesCell.swift */,
			);
			path = AdditivesCollectionView;
			sourceTree = "<group>";
		};
		907ECF7E2E23DFB400A1BBB9 /* BannerCarouselView */ = {
			isa = PBXGroup;
			children = (
				907ECF6C2E23DEE800A1BBB9 /* BannerCarouselView.swift */,
				907ECF6D2E23DEE800A1BBB9 /* BannerCollectionViewCell.swift */,
			);
			path = BannerCarouselView;
			sourceTree = "<group>";
		};
		907ECF7F2E23E00600A1BBB9 /* CategoryCarouselHeader */ = {
			isa = PBXGroup;
			children = (
				907ECF6B2E23DEE800A1BBB9 /* CategoryCarouselHeader.swift */,
				907ECE8C2E1D76DC00A1BBB9 /* CategoryCell.swift */,
			);
			path = CategoryCarouselHeader;
			sourceTree = "<group>";
		};
		909311662E26694E008E1B41 /* Models Protocols */ = {
			isa = PBXGroup;
			children = (
				909311672E266990008E1B41 /* IProductDisplayable.swift */,
			);
			path = "Models Protocols";
			sourceTree = "<group>";
		};
		909F87802E279A2C003A189A /* CartTableView */ = {
			isa = PBXGroup;
			children = (
				909F87812E279A4B003A189A /* CartTableView.swift */,
				909F87852E27A26B003A189A /* CartTableViewCell.swift */,
			);
			path = CartTableView;
			sourceTree = "<group>";
		};
/* End PBXGroup section */

/* Begin PBXNativeTarget section */
		901EB79E2E132162002DAD69 /* Dodo Pizza */ = {
			isa = PBXNativeTarget;
			buildConfigurationList = 901EB7B22E132165002DAD69 /* Build configuration list for PBXNativeTarget "Dodo Pizza" */;
			buildPhases = (
				901EB79B2E132162002DAD69 /* Sources */,
				901EB79C2E132162002DAD69 /* Frameworks */,
				901EB79D2E132162002DAD69 /* Resources */,
			);
			buildRules = (
			);
			dependencies = (
			);
			name = "Dodo Pizza";
			packageProductDependencies = (
				901EB8212E132249002DAD69 /* SnapKit */,
			);
			productName = "Dodo Pizza";
			productReference = 901EB79F2E132162002DAD69 /* Dodo Pizza.app */;
			productType = "com.apple.product-type.application";
		};
/* End PBXNativeTarget section */

/* Begin PBXProject section */
		901EB7972E132162002DAD69 /* Project object */ = {
			isa = PBXProject;
			attributes = {
				BuildIndependentTargetsInParallel = 1;
				LastSwiftUpdateCheck = 1640;
				LastUpgradeCheck = 1640;
				TargetAttributes = {
					901EB79E2E132162002DAD69 = {
						CreatedOnToolsVersion = 16.4;
					};
				};
			};
			buildConfigurationList = 901EB79A2E132162002DAD69 /* Build configuration list for PBXProject "Dodo Pizza" */;
			developmentRegion = en;
			hasScannedForEncodings = 0;
			knownRegions = (
				en,
				Base,
			);
			mainGroup = 901EB7962E132162002DAD69;
			minimizedProjectReferenceProxies = 1;
			packageReferences = (
				901EB8202E132249002DAD69 /* XCRemoteSwiftPackageReference "SnapKit" */,
			);
			preferredProjectObjectVersion = 77;
			productRefGroup = 901EB7A02E132162002DAD69 /* Products */;
			projectDirPath = "";
			projectRoot = "";
			targets = (
				901EB79E2E132162002DAD69 /* Dodo Pizza */,
			);
		};
/* End PBXProject section */

/* Begin PBXResourcesBuildPhase section */
		901EB79D2E132162002DAD69 /* Resources */ = {
			isa = PBXResourcesBuildPhase;
			buildActionMask = 2147483647;
			files = (
				907ECF102E1D76DC00A1BBB9 /* Assets.xcassets in Resources */,
				907ECF122E1D76DC00A1BBB9 /* LaunchScreen.storyboard in Resources */,
			);
			runOnlyForDeploymentPostprocessing = 0;
		};
/* End PBXResourcesBuildPhase section */

/* Begin PBXSourcesBuildPhase section */
		901EB79B2E132162002DAD69 /* Sources */ = {
			isa = PBXSourcesBuildPhase;
			buildActionMask = 2147483647;
			files = (
				907ECEDC2E1D76DC00A1BBB9 /* AppDelegate.swift in Sources */,
				907ECEDD2E1D76DC00A1BBB9 /* SceneDelegate.swift in Sources */,
				907ECF732E23DEE800A1BBB9 /* BannerCarouselView.swift in Sources */,
				907ECEE12E1D76DC00A1BBB9 /* CategoryCell.swift in Sources */,
				909F87822E279A4B003A189A /* CartTableView.swift in Sources */,
				907ECF222E1FAB5600A1BBB9 /* MenuContract.swift in Sources */,
				907ECEE62E1D76DC00A1BBB9 /* DependencyContainer.swift in Sources */,
				907ECEE72E1D76DC00A1BBB9 /* RootTabBarController.swift in Sources */,
				907ECEE82E1D76DC00A1BBB9 /* UICollectionView + dequeueCell.swift in Sources */,
				907ECEE92E1D76DC00A1BBB9 /* UITableView + dequeueCell.swift in Sources */,
				907ECEEA2E1D76DC00A1BBB9 /* UITableViewHeaderFooterView + dequeue.swift in Sources */,
				907ECEEB2E1D76DC00A1BBB9 /* Button.swift in Sources */,
				909F87842E279D74003A189A /* ProductCartViewModel.swift in Sources */,
				907ECEEC2E1D76DC00A1BBB9 /* Image .swift in Sources */,
				907ECEED2E1D76DC00A1BBB9 /* Lebel.swift in Sources */,
				907ECF432E20FED600A1BBB9 /* AdditivesCell.swift in Sources */,
				909311682E266990008E1B41 /* IProductDisplayable.swift in Sources */,
				907ECEEE2E1D76DC00A1BBB9 /* TableView.swift in Sources */,
				907ECEEF2E1D76DC00A1BBB9 /* CategoryResponse.swift in Sources */,
				907ECEF02E1D76DC00A1BBB9 /* ProductResponse.swift in Sources */,
				907ECF772E23DEE800A1BBB9 /* TopBarView.swift in Sources */,
				909F87F22E2A1CBE003A189A /* StoreService.swift in Sources */,
				907ECEF12E1D76DC00A1BBB9 /* CartUserDefault.swift in Sources */,
				907ECEF22E1D76DC00A1BBB9 /* CategoryView.swift in Sources */,
				909F87A62E27F935003A189A /* QuantityControll.swift in Sources */,
				907ECEF32E1D76DC00A1BBB9 /* ProductCart.swift in Sources */,
				907ECF202E1EFF3F00A1BBB9 /* DefaultValues.swift in Sources */,
				907ECF742E23DEE800A1BBB9 /* DitailSegmentControl.swift in Sources */,
				907ECF752E23DEE800A1BBB9 /* CategoryCarouselHeader.swift in Sources */,
				907ECEF52E1D76DC00A1BBB9 /* ProductView.swift in Sources */,
				907ECEF62E1D76DC00A1BBB9 /* CartAssembly.swift in Sources */,
				907ECEF72E1D76DC00A1BBB9 /* CartVC.swift in Sources */,
				907ECEF82E1D76DC00A1BBB9 /* DetailBuilder.swift in Sources */,
				907ECEF92E1D76DC00A1BBB9 /* DetailInteractor.swift in Sources */,
				907ECEFA2E1D76DC00A1BBB9 /* DetailPresenter.swift in Sources */,
				907ECEFB2E1D76DC00A1BBB9 /* DetailRouter.swift in Sources */,
				907ECEFC2E1D76DC00A1BBB9 /* DetailsContract.swift in Sources */,
				907ECEFD2E1D76DC00A1BBB9 /* DetailsVC.swift in Sources */,
				907ECF762E23DEE800A1BBB9 /* BannerLabelView.swift in Sources */,
				907ECEFE2E1D76DC00A1BBB9 /* MapAssembly.swift in Sources */,
				907ECEFF2E1D76DC00A1BBB9 /* MapVC.swift in Sources */,
				907ECF002E1D76DC00A1BBB9 /* MenuAssembly.swift in Sources */,
				907ECF012E1D76DC00A1BBB9 /* MenuInteractor.swift in Sources */,
				907ECF022E1D76DC00A1BBB9 /* MenuPresenter.swift in Sources */,
				909F87F02E2A1CB8003A189A /* Map.swift in Sources */,
				907ECF792E23DEE800A1BBB9 /* BannerCollectionViewCell.swift in Sources */,
				907ECF032E1D76DC00A1BBB9 /* MenuRouter.swift in Sources */,
				907ECF1E2E1EFF0900A1BBB9 /* MappingErrors.swift in Sources */,
				907ECF042E1D76DC00A1BBB9 /* MenuVC.swift in Sources */,
				907ECF052E1D76DC00A1BBB9 /* ProductCell.swift in Sources */,
				907ECF062E1D76DC00A1BBB9 /* APIEndpoint.swift in Sources */,
				907ECF072E1D76DC00A1BBB9 /* NetworkConstants.swift in Sources */,
				907ECF082E1D76DC00A1BBB9 /* NetworkError.swift in Sources */,
				907ECF092E1D76DC00A1BBB9 /* AppColor.swift in Sources */,
				909F87862E27A26B003A189A /* CartTableViewCell.swift in Sources */,
				907ECF1C2E1EFDA900A1BBB9 /* ProductMapper.swift in Sources */,
				907ECF0A2E1D76DC00A1BBB9 /* Layout.swift in Sources */,
				907ECF782E23DEE800A1BBB9 /* AdditivesCollectionView.swift in Sources */,
				907ECF0D2E1D76DC00A1BBB9 /* ProductsLoader.swift in Sources */,
				907ECF0E2E1D76DC00A1BBB9 /* CartUserDefaultsService.swift in Sources */,
			);
			runOnlyForDeploymentPostprocessing = 0;
		};
/* End PBXSourcesBuildPhase section */

/* Begin PBXVariantGroup section */
		907ECEDA2E1D76DC00A1BBB9 /* LaunchScreen.storyboard */ = {
			isa = PBXVariantGroup;
			children = (
				907ECED92E1D76DC00A1BBB9 /* Base */,
			);
			name = LaunchScreen.storyboard;
			sourceTree = "<group>";
		};
/* End PBXVariantGroup section */

/* Begin XCBuildConfiguration section */
		901EB7B32E132165002DAD69 /* Debug */ = {
			isa = XCBuildConfiguration;
			buildSettings = {
				ASSETCATALOG_COMPILER_APPICON_NAME = AppIcon;
				ASSETCATALOG_COMPILER_GLOBAL_ACCENT_COLOR_NAME = AccentColor;
				CODE_SIGN_STYLE = Automatic;
				CURRENT_PROJECT_VERSION = 1;
				GENERATE_INFOPLIST_FILE = YES;
				INFOPLIST_FILE = "Dodo Pizza/Info.plist";
				INFOPLIST_KEY_UIApplicationSupportsIndirectInputEvents = YES;
				INFOPLIST_KEY_UILaunchStoryboardName = LaunchScreen;
				INFOPLIST_KEY_UISupportedInterfaceOrientations_iPad = "UIInterfaceOrientationPortrait UIInterfaceOrientationPortraitUpsideDown UIInterfaceOrientationLandscapeLeft UIInterfaceOrientationLandscapeRight";
				INFOPLIST_KEY_UISupportedInterfaceOrientations_iPhone = "UIInterfaceOrientationPortrait UIInterfaceOrientationLandscapeLeft UIInterfaceOrientationLandscapeRight";
				LD_RUNPATH_SEARCH_PATHS = (
					"$(inherited)",
					"@executable_path/Frameworks",
				);
				MARKETING_VERSION = 1.0;
				PRODUCT_BUNDLE_IDENTIFIER = "-233.Dodo-Pizza";
				PRODUCT_NAME = "$(TARGET_NAME)";
				SWIFT_EMIT_LOC_STRINGS = YES;
				SWIFT_VERSION = 5.0;
				TARGETED_DEVICE_FAMILY = "1,2";
			};
			name = Debug;
		};
		901EB7B42E132165002DAD69 /* Release */ = {
			isa = XCBuildConfiguration;
			buildSettings = {
				ASSETCATALOG_COMPILER_APPICON_NAME = AppIcon;
				ASSETCATALOG_COMPILER_GLOBAL_ACCENT_COLOR_NAME = AccentColor;
				CODE_SIGN_STYLE = Automatic;
				CURRENT_PROJECT_VERSION = 1;
				GENERATE_INFOPLIST_FILE = YES;
				INFOPLIST_FILE = "Dodo Pizza/Info.plist";
				INFOPLIST_KEY_UIApplicationSupportsIndirectInputEvents = YES;
				INFOPLIST_KEY_UILaunchStoryboardName = LaunchScreen;
				INFOPLIST_KEY_UISupportedInterfaceOrientations_iPad = "UIInterfaceOrientationPortrait UIInterfaceOrientationPortraitUpsideDown UIInterfaceOrientationLandscapeLeft UIInterfaceOrientationLandscapeRight";
				INFOPLIST_KEY_UISupportedInterfaceOrientations_iPhone = "UIInterfaceOrientationPortrait UIInterfaceOrientationLandscapeLeft UIInterfaceOrientationLandscapeRight";
				LD_RUNPATH_SEARCH_PATHS = (
					"$(inherited)",
					"@executable_path/Frameworks",
				);
				MARKETING_VERSION = 1.0;
				PRODUCT_BUNDLE_IDENTIFIER = "-233.Dodo-Pizza";
				PRODUCT_NAME = "$(TARGET_NAME)";
				SWIFT_EMIT_LOC_STRINGS = YES;
				SWIFT_VERSION = 5.0;
				TARGETED_DEVICE_FAMILY = "1,2";
			};
			name = Release;
		};
		901EB7B52E132165002DAD69 /* Debug */ = {
			isa = XCBuildConfiguration;
			buildSettings = {
				ALWAYS_SEARCH_USER_PATHS = NO;
				ASSETCATALOG_COMPILER_GENERATE_SWIFT_ASSET_SYMBOL_EXTENSIONS = YES;
				CLANG_ANALYZER_NONNULL = YES;
				CLANG_ANALYZER_NUMBER_OBJECT_CONVERSION = YES_AGGRESSIVE;
				CLANG_CXX_LANGUAGE_STANDARD = "gnu++20";
				CLANG_ENABLE_MODULES = YES;
				CLANG_ENABLE_OBJC_ARC = YES;
				CLANG_ENABLE_OBJC_WEAK = YES;
				CLANG_WARN_BLOCK_CAPTURE_AUTORELEASING = YES;
				CLANG_WARN_BOOL_CONVERSION = YES;
				CLANG_WARN_COMMA = YES;
				CLANG_WARN_CONSTANT_CONVERSION = YES;
				CLANG_WARN_DEPRECATED_OBJC_IMPLEMENTATIONS = YES;
				CLANG_WARN_DIRECT_OBJC_ISA_USAGE = YES_ERROR;
				CLANG_WARN_DOCUMENTATION_COMMENTS = YES;
				CLANG_WARN_EMPTY_BODY = YES;
				CLANG_WARN_ENUM_CONVERSION = YES;
				CLANG_WARN_INFINITE_RECURSION = YES;
				CLANG_WARN_INT_CONVERSION = YES;
				CLANG_WARN_NON_LITERAL_NULL_CONVERSION = YES;
				CLANG_WARN_OBJC_IMPLICIT_RETAIN_SELF = YES;
				CLANG_WARN_OBJC_LITERAL_CONVERSION = YES;
				CLANG_WARN_OBJC_ROOT_CLASS = YES_ERROR;
				CLANG_WARN_QUOTED_INCLUDE_IN_FRAMEWORK_HEADER = YES;
				CLANG_WARN_RANGE_LOOP_ANALYSIS = YES;
				CLANG_WARN_STRICT_PROTOTYPES = YES;
				CLANG_WARN_SUSPICIOUS_MOVE = YES;
				CLANG_WARN_UNGUARDED_AVAILABILITY = YES_AGGRESSIVE;
				CLANG_WARN_UNREACHABLE_CODE = YES;
				CLANG_WARN__DUPLICATE_METHOD_MATCH = YES;
				COPY_PHASE_STRIP = NO;
				DEBUG_INFORMATION_FORMAT = dwarf;
				ENABLE_STRICT_OBJC_MSGSEND = YES;
				ENABLE_TESTABILITY = YES;
				ENABLE_USER_SCRIPT_SANDBOXING = YES;
				GCC_C_LANGUAGE_STANDARD = gnu17;
				GCC_DYNAMIC_NO_PIC = NO;
				GCC_NO_COMMON_BLOCKS = YES;
				GCC_OPTIMIZATION_LEVEL = 0;
				GCC_PREPROCESSOR_DEFINITIONS = (
					"DEBUG=1",
					"$(inherited)",
				);
				GCC_WARN_64_TO_32_BIT_CONVERSION = YES;
				GCC_WARN_ABOUT_RETURN_TYPE = YES_ERROR;
				GCC_WARN_UNDECLARED_SELECTOR = YES;
				GCC_WARN_UNINITIALIZED_AUTOS = YES_AGGRESSIVE;
				GCC_WARN_UNUSED_FUNCTION = YES;
				GCC_WARN_UNUSED_VARIABLE = YES;
				IPHONEOS_DEPLOYMENT_TARGET = 18.5;
				LOCALIZATION_PREFERS_STRING_CATALOGS = YES;
				MTL_ENABLE_DEBUG_INFO = INCLUDE_SOURCE;
				MTL_FAST_MATH = YES;
				ONLY_ACTIVE_ARCH = YES;
				SDKROOT = iphoneos;
				SWIFT_ACTIVE_COMPILATION_CONDITIONS = "DEBUG $(inherited)";
				SWIFT_OPTIMIZATION_LEVEL = "-Onone";
			};
			name = Debug;
		};
		901EB7B62E132165002DAD69 /* Release */ = {
			isa = XCBuildConfiguration;
			buildSettings = {
				ALWAYS_SEARCH_USER_PATHS = NO;
				ASSETCATALOG_COMPILER_GENERATE_SWIFT_ASSET_SYMBOL_EXTENSIONS = YES;
				CLANG_ANALYZER_NONNULL = YES;
				CLANG_ANALYZER_NUMBER_OBJECT_CONVERSION = YES_AGGRESSIVE;
				CLANG_CXX_LANGUAGE_STANDARD = "gnu++20";
				CLANG_ENABLE_MODULES = YES;
				CLANG_ENABLE_OBJC_ARC = YES;
				CLANG_ENABLE_OBJC_WEAK = YES;
				CLANG_WARN_BLOCK_CAPTURE_AUTORELEASING = YES;
				CLANG_WARN_BOOL_CONVERSION = YES;
				CLANG_WARN_COMMA = YES;
				CLANG_WARN_CONSTANT_CONVERSION = YES;
				CLANG_WARN_DEPRECATED_OBJC_IMPLEMENTATIONS = YES;
				CLANG_WARN_DIRECT_OBJC_ISA_USAGE = YES_ERROR;
				CLANG_WARN_DOCUMENTATION_COMMENTS = YES;
				CLANG_WARN_EMPTY_BODY = YES;
				CLANG_WARN_ENUM_CONVERSION = YES;
				CLANG_WARN_INFINITE_RECURSION = YES;
				CLANG_WARN_INT_CONVERSION = YES;
				CLANG_WARN_NON_LITERAL_NULL_CONVERSION = YES;
				CLANG_WARN_OBJC_IMPLICIT_RETAIN_SELF = YES;
				CLANG_WARN_OBJC_LITERAL_CONVERSION = YES;
				CLANG_WARN_OBJC_ROOT_CLASS = YES_ERROR;
				CLANG_WARN_QUOTED_INCLUDE_IN_FRAMEWORK_HEADER = YES;
				CLANG_WARN_RANGE_LOOP_ANALYSIS = YES;
				CLANG_WARN_STRICT_PROTOTYPES = YES;
				CLANG_WARN_SUSPICIOUS_MOVE = YES;
				CLANG_WARN_UNGUARDED_AVAILABILITY = YES_AGGRESSIVE;
				CLANG_WARN_UNREACHABLE_CODE = YES;
				CLANG_WARN__DUPLICATE_METHOD_MATCH = YES;
				COPY_PHASE_STRIP = NO;
				DEBUG_INFORMATION_FORMAT = "dwarf-with-dsym";
				ENABLE_NS_ASSERTIONS = NO;
				ENABLE_STRICT_OBJC_MSGSEND = YES;
				ENABLE_USER_SCRIPT_SANDBOXING = YES;
				GCC_C_LANGUAGE_STANDARD = gnu17;
				GCC_NO_COMMON_BLOCKS = YES;
				GCC_WARN_64_TO_32_BIT_CONVERSION = YES;
				GCC_WARN_ABOUT_RETURN_TYPE = YES_ERROR;
				GCC_WARN_UNDECLARED_SELECTOR = YES;
				GCC_WARN_UNINITIALIZED_AUTOS = YES_AGGRESSIVE;
				GCC_WARN_UNUSED_FUNCTION = YES;
				GCC_WARN_UNUSED_VARIABLE = YES;
				IPHONEOS_DEPLOYMENT_TARGET = 18.5;
				LOCALIZATION_PREFERS_STRING_CATALOGS = YES;
				MTL_ENABLE_DEBUG_INFO = NO;
				MTL_FAST_MATH = YES;
				SDKROOT = iphoneos;
				SWIFT_COMPILATION_MODE = wholemodule;
				VALIDATE_PRODUCT = YES;
			};
			name = Release;
		};
/* End XCBuildConfiguration section */

/* Begin XCConfigurationList section */
		901EB79A2E132162002DAD69 /* Build configuration list for PBXProject "Dodo Pizza" */ = {
			isa = XCConfigurationList;
			buildConfigurations = (
				901EB7B52E132165002DAD69 /* Debug */,
				901EB7B62E132165002DAD69 /* Release */,
			);
			defaultConfigurationIsVisible = 0;
			defaultConfigurationName = Release;
		};
		901EB7B22E132165002DAD69 /* Build configuration list for PBXNativeTarget "Dodo Pizza" */ = {
			isa = XCConfigurationList;
			buildConfigurations = (
				901EB7B32E132165002DAD69 /* Debug */,
				901EB7B42E132165002DAD69 /* Release */,
			);
			defaultConfigurationIsVisible = 0;
			defaultConfigurationName = Release;
		};
/* End XCConfigurationList section */

/* Begin XCRemoteSwiftPackageReference section */
		901EB8202E132249002DAD69 /* XCRemoteSwiftPackageReference "SnapKit" */ = {
			isa = XCRemoteSwiftPackageReference;
			repositoryURL = "https://github.com/SnapKit/SnapKit.git";
			requirement = {
				kind = upToNextMajorVersion;
				minimumVersion = 5.7.1;
			};
		};
/* End XCRemoteSwiftPackageReference section */

/* Begin XCSwiftPackageProductDependency section */
		901EB8212E132249002DAD69 /* SnapKit */ = {
			isa = XCSwiftPackageProductDependency;
			package = 901EB8202E132249002DAD69 /* XCRemoteSwiftPackageReference "SnapKit" */;
			productName = SnapKit;
		};
/* End XCSwiftPackageProductDependency section */
	};
	rootObject = 901EB7972E132162002DAD69 /* Project object */;
}
